<?xml version="1.0" encoding="utf-8"?>
<Project ToolsVersion="4.0" xmlns="http://schemas.microsoft.com/developer/msbuild/2003">
  <ItemGroup>
    <Filter Include="Source Files">
      <UniqueIdentifier>{4FC737F1-C7A5-4376-A066-2A32D752A2FF}</UniqueIdentifier>
      <Extensions>cpp;c;cc;cxx;def;odl;idl;hpj;bat;asm;asmx</Extensions>
    </Filter>
    <Filter Include="Header Files">
      <UniqueIdentifier>{93995380-89BD-4b04-88EB-625FBE52EBFB}</UniqueIdentifier>
      <Extensions>h;hh;hpp;hxx;hm;inl;inc;ipp;xsd</Extensions>
    </Filter>
    <Filter Include="Resource Files">
      <UniqueIdentifier>{67DA6AB6-F800-4c08-8B7A-83BB121AAD01}</UniqueIdentifier>
      <Extensions>rc;ico;cur;bmp;dlg;rc2;rct;bin;rgs;gif;jpg;jpeg;jpe;resx;tiff;tif;png;wav;mfcribbon-ms</Extensions>
    </Filter>
  </ItemGroup>
  <ItemGroup>
    <ClCompile Include="Source\main.cpp">
      <Filter>Source Files</Filter>
    </ClCompile>
    <ClCompile Include="Source\Window.cpp">
      <Filter>Source Files</Filter>
    </ClCompile>
    <ClCompile Include="Source\Application.cpp">
      <Filter>Source Files</Filter>
    </ClCompile>
    <ClCompile Include="Source\Util\Matrix.cpp">
      <Filter>Source Files</Filter>
    </ClCompile>
    <ClCompile Include="Source\Util\Shader.cpp">
      <Filter>Source Files</Filter>
    </ClCompile>
    <ClCompile Include="Vendor\stbi\stb_image.cpp">
      <Filter>Source Files</Filter>
    </ClCompile>
    <ClCompile Include="Source\Camera.cpp">
      <Filter>Source Files</Filter>
    </ClCompile>
    <ClCompile Include="Source\Graphics\Mesh.cpp">
      <Filter>Source Files</Filter>
    </ClCompile>
    <ClCompile Include="Source\Graphics\Model.cpp">
      <Filter>Source Files</Filter>
    </ClCompile>
  </ItemGroup>
  <ItemGroup>
    <ClInclude Include="Source\Window.h">
      <Filter>Header Files</Filter>
    </ClInclude>
    <ClInclude Include="Source\Application.h">
      <Filter>Header Files</Filter>
    </ClInclude>
    <ClInclude Include="Source\Util\Matrix.h">
      <Filter>Header Files</Filter>
    </ClInclude>
    <ClInclude Include="Source\Util\Shader.h">
      <Filter>Header Files</Filter>
    </ClInclude>
    <ClInclude Include="Vendor\stbi\stb_image.h">
      <Filter>Header Files</Filter>
    </ClInclude>
    <ClInclude Include="Source\Camera.h">
      <Filter>Header Files</Filter>
    </ClInclude>
    <ClInclude Include="Source\Entity.h">
      <Filter>Header Files</Filter>
    </ClInclude>
    <ClInclude Include="Debug.h">
      <Filter>Header Files</Filter>
    </ClInclude>
    <ClInclude Include="Source\Graphics\Mesh.h">
      <Filter>Header Files</Filter>
    </ClInclude>
    <ClInclude Include="Source\Graphics\Model.h">
      <Filter>Header Files</Filter>
    </ClInclude>
  </ItemGroup>
  <ItemGroup>
    <None Include="Res\Models\Moto\moto_simple_1.3ds" />
    <None Include="Res\Models\Moto\moto_simple_1.blend" />
    <None Include="Res\Models\Moto\moto_simple_1.mtl" />
    <None Include="Res\Shaders\Common.frag" />
    <None Include="Res\Shaders\Common.vert" />
    <None Include="Res\Models\Nanosuit\nanosuit.mtl" />
    <None Include="Res\Shaders\NoLight.frag" />
    <None Include="Res\Shaders\NoLight.vert" />
  </ItemGroup>
  <ItemGroup>
    <Object Include="Res\Models\Moto\moto_simple_1.obj" />
    <Object Include="Res\Models\Nanosuit\nanosuit.obj" />
  </ItemGroup>
  <ItemGroup>
    <Image Include="Res\Models\Nanosuit\arm_dif.png">
      <Filter>Resource Files</Filter>
    </Image>
    <Image Include="Res\Models\Nanosuit\arm_showroom_ddn.png">
      <Filter>Resource Files</Filter>
    </Image>
    <Image Include="Res\Models\Nanosuit\arm_showroom_refl.png">
      <Filter>Resource Files</Filter>
    </Image>
    <Image Include="Res\Models\Nanosuit\arm_showroom_spec.png">
      <Filter>Resource Files</Filter>
    </Image>
    <Image Include="Res\Models\Nanosuit\back.jpg">
      <Filter>Resource Files</Filter>
    </Image>
    <Image Include="Res\Models\Nanosuit\body_dif.png">
      <Filter>Resource Files</Filter>
    </Image>
    <Image Include="Res\Models\Nanosuit\body_showroom_ddn.png">
      <Filter>Resource Files</Filter>
    </Image>
    <Image Include="Res\Models\Nanosuit\body_showroom_refl.png">
      <Filter>Resource Files</Filter>
    </Image>
    <Image Include="Res\Models\Nanosuit\body_showroom_spec.png">
      <Filter>Resource Files</Filter>
    </Image>
    <Image Include="Res\Models\Nanosuit\cell_arm_alpha.png">
      <Filter>Resource Files</Filter>
    </Image>
    <Image Include="Res\Models\Nanosuit\cell_body_alpha.png">
      <Filter>Resource Files</Filter>
    </Image>
    <Image Include="Res\Models\Nanosuit\cell_ddn.png">
      <Filter>Resource Files</Filter>
    </Image>
    <Image Include="Res\Models\Nanosuit\cell_hand_alpha.png">
      <Filter>Resource Files</Filter>
    </Image>
    <Image Include="Res\Models\Nanosuit\cell_helmet_alpha.png">
      <Filter>Resource Files</Filter>
    </Image>
    <Image Include="Res\Models\Nanosuit\cell_leg_alpha.png">
      <Filter>Resource Files</Filter>
    </Image>
    <Image Include="Res\Models\Nanosuit\front.jpg">
      <Filter>Resource Files</Filter>
    </Image>
    <Image Include="Res\Models\Nanosuit\glass_ddn.png">
      <Filter>Resource Files</Filter>
    </Image>
    <Image Include="Res\Models\Nanosuit\glass_dif.png">
      <Filter>Resource Files</Filter>
    </Image>
    <Image Include="Res\Models\Nanosuit\glass_refl.png">
      <Filter>Resource Files</Filter>
    </Image>
    <Image Include="Res\Models\Nanosuit\hand_dif.png">
      <Filter>Resource Files</Filter>
    </Image>
    <Image Include="Res\Models\Nanosuit\hand_showroom_ddn.png">
      <Filter>Resource Files</Filter>
    </Image>
    <Image Include="Res\Models\Nanosuit\hand_showroom_refl.png">
      <Filter>Resource Files</Filter>
    </Image>
    <Image Include="Res\Models\Nanosuit\hand_showroom_spec.png">
      <Filter>Resource Files</Filter>
    </Image>
    <Image Include="Res\Models\Nanosuit\helmet_diff.png">
      <Filter>Resource Files</Filter>
    </Image>
    <Image Include="Res\Models\Nanosuit\helmet_showroom_ddn.png">
      <Filter>Resource Files</Filter>
    </Image>
    <Image Include="Res\Models\Nanosuit\helmet_showroom_refl.png">
      <Filter>Resource Files</Filter>
    </Image>
    <Image Include="Res\Models\Nanosuit\helmet_showroom_spec.png">
      <Filter>Resource Files</Filter>
    </Image>
    <Image Include="Res\Models\Nanosuit\leg_dif.png">
      <Filter>Resource Files</Filter>
    </Image>
    <Image Include="Res\Models\Nanosuit\leg_showroom_ddn.png">
      <Filter>Resource Files</Filter>
    </Image>
    <Image Include="Res\Models\Nanosuit\leg_showroom_refl.png">
      <Filter>Resource Files</Filter>
    </Image>
    <Image Include="Res\Models\Nanosuit\leg_showroom_spec.png">
      <Filter>Resource Files</Filter>
    </Image>
    <Image Include="Res\Models\Terrain\Amaryllis City\_1.png">
      <Filter>Resource Files</Filter>
    </Image>
    <Image Include="Res\Models\Terrain\Amaryllis City\_2.png">
      <Filter>Resource Files</Filter>
    </Image>
    <Image Include="Res\Models\Terrain\Amaryllis City\_3.png">
      <Filter>Resource Files</Filter>
    </Image>
    <Image Include="Res\Models\Terrain\Amaryllis City\_4.png">
      <Filter>Resource Files</Filter>
    </Image>
    <Image Include="Res\Models\Terrain\Amaryllis City\_5.jpg">
      <Filter>Resource Files</Filter>
    </Image>
    <Image Include="Res\Models\Terrain\Amaryllis City\_6.png">
      <Filter>Resource Files</Filter>
    </Image>
    <Image Include="Res\Models\Terrain\Amaryllis City\_7.png">
      <Filter>Resource Files</Filter>
    </Image>
    <Image Include="Res\Models\Terrain\Amaryllis City\_8.png">
      <Filter>Resource Files</Filter>
    </Image>
    <Image Include="Res\Models\Terrain\Amaryllis City\_9.png">
      <Filter>Resource Files</Filter>
    </Image>
    <Image Include="Res\Models\Terrain\Amaryllis City\_10.png">
      <Filter>Resource Files</Filter>
    </Image>
    <Image Include="Res\Models\Terrain\Amaryllis City\_11.png">
      <Filter>Resource Files</Filter>
    </Image>
    <Image Include="Res\Models\Terrain\Amaryllis City\_12.png">
      <Filter>Resource Files</Filter>
    </Image>
    <Image Include="Res\Models\Terrain\Amaryllis City\_13.png">
      <Filter>Resource Files</Filter>
    </Image>
    <Image Include="Res\Models\Terrain\Amaryllis City\_14.png">
      <Filter>Resource Files</Filter>
    </Image>
    <Image Include="Res\Models\Terrain\Amaryllis City\_15.png">
      <Filter>Resource Files</Filter>
    </Image>
    <Image Include="Res\Models\Terrain\Amaryllis City\_16.png">
      <Filter>Resource Files</Filter>
    </Image>
    <Image Include="Res\Models\Terrain\Amaryllis City\_17.png">
      <Filter>Resource Files</Filter>
    </Image>
    <Image Include="Res\Models\Terrain\Amaryllis City\_18.png">
      <Filter>Resource Files</Filter>
    </Image>
    <Image Include="Res\Models\Terrain\Amaryllis City\_19.png">
      <Filter>Resource Files</Filter>
    </Image>
    <Image Include="Res\Models\Terrain\Amaryllis City\_20.png">
      <Filter>Resource Files</Filter>
    </Image>
    <Image Include="Res\Models\Terrain\Amaryllis City\_21.png">
      <Filter>Resource Files</Filter>
    </Image>
    <Image Include="Res\Models\Terrain\Amaryllis City\_22.png">
      <Filter>Resource Files</Filter>
    </Image>
    <Image Include="Res\Models\Terrain\Amaryllis City\_23.png">
      <Filter>Resource Files</Filter>
    </Image>
    <Image Include="Res\Models\Terrain\Amaryllis City\_24.png">
      <Filter>Resource Files</Filter>
    </Image>
    <Image Include="Res\Models\Terrain\Amaryllis City\_25.png">
      <Filter>Resource Files</Filter>
    </Image>
    <Image Include="Res\Models\Terrain\Amaryllis City\_26.png">
      <Filter>Resource Files</Filter>
    </Image>
    <Image Include="Res\Models\Terrain\Amaryllis City\_27.png">
      <Filter>Resource Files</Filter>
    </Image>
    <Image Include="Res\Models\Terrain\Amaryllis City\_28.png">
      <Filter>Resource Files</Filter>
    </Image>
    <Image Include="Res\Models\Terrain\Amaryllis City\_29.png">
      <Filter>Resource Files</Filter>
    </Image>
    <Image Include="Res\Models\Terrain\Amaryllis City\_30.png">
      <Filter>Resource Files</Filter>
    </Image>
    <Image Include="Res\Models\Terrain\Amaryllis City\_31.jpg">
      <Filter>Resource Files</Filter>
    </Image>
    <Image Include="Res\Models\Terrain\Amaryllis City\_32.png">
      <Filter>Resource Files</Filter>
    </Image>
    <Image Include="Res\Models\Terrain\Amaryllis City\_33.png">
      <Filter>Resource Files</Filter>
    </Image>
    <Image Include="Res\Models\Terrain\Amaryllis City\_34.png">
      <Filter>Resource Files</Filter>
    </Image>
    <Image Include="Res\Models\Terrain\Amaryllis City\_35.png">
      <Filter>Resource Files</Filter>
    </Image>
    <Image Include="Res\Models\Terrain\Amaryllis City\_36.png">
      <Filter>Resource Files</Filter>
    </Image>
    <Image Include="Res\Models\Terrain\Amaryllis City\_37.png">
      <Filter>Resource Files</Filter>
    </Image>
    <Image Include="Res\Models\Terrain\Amaryllis City\_38.png">
      <Filter>Resource Files</Filter>
    </Image>
    <Image Include="Res\Models\Terrain\Amaryllis City\_39.png">
      <Filter>Resource Files</Filter>
    </Image>
    <Image Include="Res\Models\Terrain\Amaryllis City\_40.png">
      <Filter>Resource Files</Filter>
    </Image>
    <Image Include="Res\Models\Terrain\Amaryllis City\_41.png">
      <Filter>Resource Files</Filter>
    </Image>
    <Image Include="Res\Models\Terrain\Amaryllis City\_42.png">
      <Filter>Resource Files</Filter>
    </Image>
    <Image Include="Res\Models\Terrain\Amaryllis City\_43.png">
      <Filter>Resource Files</Filter>
    </Image>
    <Image Include="Res\Models\Terrain\Amaryllis City\_Stone_Pavers_Flagstone_Gray_1.jpg">
      <Filter>Resource Files</Filter>
    </Image>
    <Image Include="Res\Models\Terrain\Amaryllis City\Arch_Color.jpg">
      <Filter>Resource Files</Filter>
    </Image>
    <Image Include="Res\Models\Terrain\Amaryllis City\Beach.jpg">
      <Filter>Resource Files</Filter>
    </Image>
    <Image Include="Res\Models\Terrain\Amaryllis City\Building_Color.png">
      <Filter>Resource Files</Filter>
    </Image>
    <Image Include="Res\Models\Terrain\Amaryllis City\CharlotteConventionCenter_089.jpg">
      <Filter>Resource Files</Filter>
    </Image>
    <Image Include="Res\Models\Terrain\Amaryllis City\Deep_Ocean_Water.jpg">
      <Filter>Resource Files</Filter>
    </Image>
    <Image Include="Res\Models\Terrain\Amaryllis City\Entrance.jpg">
      <Filter>Resource Files</Filter>
    </Image>
    <Image Include="Res\Models\Terrain\Amaryllis City\Forest.png">
      <Filter>Resource Files</Filter>
    </Image>
    <Image Include="Res\Models\Terrain\Amaryllis City\Foundation_Vents.png">
      <Filter>Resource Files</Filter>
    </Image>
    <Image Include="Res\Models\Terrain\Amaryllis City\Grass.jpg">
      <Filter>Resource Files</Filter>
    </Image>
    <Image Include="Res\Models\Terrain\Amaryllis City\Logo_Color_1.jpg">
      <Filter>Resource Files</Filter>
    </Image>
    <Image Include="Res\Models\Terrain\Amaryllis City\Logo_Color_2.jpg">
      <Filter>Resource Files</Filter>
    </Image>
    <Image Include="Res\Models\Terrain\Amaryllis City\Lower_Floor_Windows.jpg">
      <Filter>Resource Files</Filter>
    </Image>
    <Image Include="Res\Models\Terrain\Amaryllis City\Pool_Water.jpg">
      <Filter>Resource Files</Filter>
    </Image>
    <Image Include="Res\Models\Terrain\Amaryllis City\Road.jpg">
      <Filter>Resource Files</Filter>
    </Image>
    <Image Include="Res\Models\Terrain\Amaryllis City\Shallow_Ocean_Water.jpg">
      <Filter>Resource Files</Filter>
    </Image>
    <Image Include="Res\Models\Terrain\Amaryllis City\Sidewalk.jpg">
      <Filter>Resource Files</Filter>
    </Image>
    <Image Include="Res\Models\Terrain\Amaryllis City\Stone_Pavers_Flagstone_Gray.jpg">
      <Filter>Resource Files</Filter>
    </Image>
    <Image Include="Res\Models\Terrain\Amaryllis City\Stone_Wall.png">
      <Filter>Resource Files</Filter>
    </Image>
    <Image Include="Res\Models\Terrain\Amaryllis City\Upper_Floor_Windows.jpg">
      <Filter>Resource Files</Filter>
    </Image>
    <Image Include="Res\Models\Terrain\Amaryllis City\Walls.jpg">
      <Filter>Resource Files</Filter>
    </Image>
    <Image Include="Res\Models\Dragon\Ani_Fire_A.png">
      <Filter>Resource Files</Filter>
    </Image>
    <Image Include="Res\Models\Dragon\Dragon_Bump_Col2.jpg">
      <Filter>Resource Files</Filter>
    </Image>
    <Image Include="Res\Models\Dragon\Dragon_ground_color.jpg">
      <Filter>Resource Files</Filter>
    </Image>
    <Image Include="Res\Models\Dragon\Dragon_Nor.jpg">
      <Filter>Resource Files</Filter>
    </Image>
    <Image Include="Res\Models\Dragon\Dragon_Nor_mirror2.jpg">
      <Filter>Resource Files</Filter>
    </Image>
    <Image Include="Res\Models\Dragon\Fire_A_2.png">
      <Filter>Resource Files</Filter>
    </Image>
    <Image Include="Res\Models\Dragon\Floor_C.jpg">
      <Filter>Resource Files</Filter>
    </Image>
    <Image Include="Res\Models\Dragon\Floor_N.jpg">
      <Filter>Resource Files</Filter>
    </Image>
    <Image Include="Res\Models\Dragon\Floor_S.jpg">
      <Filter>Resource Files</Filter>
    </Image>
  </ItemGroup>
</Project>